
Microsoft Visual Studio Solution File, Format Version 12.00
# Visual Studio Version 17
VisualStudioVersion = 17.0.31919.166
MinimumVisualStudioVersion = 10.0.40219.1
Project("{FAE04EC0-301F-11D3-BF4B-00C04F79EFBC}") = "Coursework", "Coursework\Coursework.csproj", "{4292F91A-A05C-4E0F-9421-DF32DC36AF5B}"
EndProject
Global
	GlobalSection(SolutionConfigurationPlatforms) = preSolution
		Debug|Any CPU = Debug|Any CPU
		Release|Any CPU = Release|Any CPU
	EndGlobalSection
	GlobalSection(ProjectConfigurationPlatforms) = postSolution
		{4292F91A-A05C-4E0F-9421-DF32DC36AF5B}.Debug|Any CPU.ActiveCfg = Debug|Any CPU
		{4292F91A-A05C-4E0F-9421-DF32DC36AF5B}.Debug|Any CPU.Build.0 = Debug|Any CPU
		{4292F91A-A05C-4E0F-9421-DF32DC36AF5B}.Release|Any CPU.ActiveCfg = Release|Any CPU
		{4292F91A-A05C-4E0F-9421-DF32DC36AF5B}.Release|Any CPU.Build.0 = Release|Any CPU
	EndGlobalSection
	GlobalSection(SolutionProperties) = preSolution
		HideSolutionNode = FALSE
	EndGlobalSection
	GlobalSection(ExtensibilityGlobals) = postSolution
		SolutionGuid = {CEF015F3-59A0-45C7-8674-3E769A0C8D3A}
	EndGlobalSection
EndGlobal
